
Microsoft Visual Studio Solution File, Format Version 12.00
# Visual Studio 15
VisualStudioVersion = 15.0.27130.2024
MinimumVisualStudioVersion = 10.0.40219.1
Project("{8BC9CEB8-8B4A-11D0-8D11-00A0C91BC942}") = "Nginx", "Nginx.vcxproj", "{56E5423A-D59C-4E2D-BE9F-13615D35CF7A}"
EndProject
Global
	GlobalSection(SolutionConfigurationPlatforms) = preSolution
		Debug|x64 = Debug|x64
		Debug|x86 = Debug|x86
		Release|x64 = Release|x64
		Release|x86 = Release|x86
	EndGlobalSection
	GlobalSection(ProjectConfigurationPlatforms) = postSolution
		{56E5423A-D59C-4E2D-BE9F-13615D35CF7A}.Debug|x64.ActiveCfg = Debug|Win32
		{56E5423A-D59C-4E2D-BE9F-13615D35CF7A}.Debug|x86.ActiveCfg = Debug|Win32
		{56E5423A-D59C-4E2D-BE9F-13615D35CF7A}.Debug|x86.Build.0 = Debug|Win32
		{56E5423A-D59C-4E2D-BE9F-13615D35CF7A}.Release|x64.ActiveCfg = Release|Win32
		{56E5423A-D59C-4E2D-BE9F-13615D35CF7A}.Release|x86.ActiveCfg = Release|Win32
		{56E5423A-D59C-4E2D-BE9F-13615D35CF7A}.Release|x86.Build.0 = Release|Win32
	EndGlobalSection
	GlobalSection(SolutionProperties) = preSolution
		HideSolutionNode = FALSE
	EndGlobalSection
	GlobalSection(ExtensibilityGlobals) = postSolution
		SolutionGuid = {2E1B832E-2C10-42A8-B352-59D0A32C3FBB}
	EndGlobalSection
EndGlobal
